
Microsoft Visual Studio Solution File, Format Version 12.00
# Visual Studio Version 17
VisualStudioVersion = 17.14.36429.23 d17.14
MinimumVisualStudioVersion = 10.0.40219.1
Project("{FAE04EC0-301F-11D3-BF4B-00C04F79EFBC}") = "CAIGrupoG", "CAIGrupoG.csproj", "{02A2156F-E4A0-4E43-8932-D4E2E2B202EA}"
EndProject
Global
	GlobalSection(SolutionConfigurationPlatforms) = preSolution
		Debug|Any CPU = Debug|Any CPU
		Release|Any CPU = Release|Any CPU
	EndGlobalSection
	GlobalSection(ProjectConfigurationPlatforms) = postSolution
		{02A2156F-E4A0-4E43-8932-D4E2E2B202EA}.Debug|Any CPU.ActiveCfg = Debug|Any CPU
		{02A2156F-E4A0-4E43-8932-D4E2E2B202EA}.Debug|Any CPU.Build.0 = Debug|Any CPU
		{02A2156F-E4A0-4E43-8932-D4E2E2B202EA}.Release|Any CPU.ActiveCfg = Release|Any CPU
		{02A2156F-E4A0-4E43-8932-D4E2E2B202EA}.Release|Any CPU.Build.0 = Release|Any CPU
	EndGlobalSection
	GlobalSection(SolutionProperties) = preSolution
		HideSolutionNode = FALSE
	EndGlobalSection
	GlobalSection(ExtensibilityGlobals) = postSolution
		SolutionGuid = {239EF38D-B2F4-4C55-8C00-FDD87EC83885}
	EndGlobalSection
EndGlobal
